
Microsoft Visual Studio Solution File, Format Version 12.00
# Visual Studio Version 16
VisualStudioVersion = 16.0.31205.134
MinimumVisualStudioVersion = 10.0.40219.1
Project("{FAE04EC0-301F-11D3-BF4B-00C04F79EFBC}") = "HotelManager", "Hotel_Winform\HotelManager.csproj", "{FD48DB0B-EE6D-41C7-BB04-2C764C761D4D}"
EndProject
Global
	GlobalSection(SolutionConfigurationPlatforms) = preSolution
		Debug|Any CPU = Debug|Any CPU
		Release|Any CPU = Release|Any CPU
	EndGlobalSection
	GlobalSection(ProjectConfigurationPlatforms) = postSolution
		{FD48DB0B-EE6D-41C7-BB04-2C764C761D4D}.Debug|Any CPU.ActiveCfg = Debug|Any CPU
		{FD48DB0B-EE6D-41C7-BB04-2C764C761D4D}.Debug|Any CPU.Build.0 = Debug|Any CPU
		{FD48DB0B-EE6D-41C7-BB04-2C764C761D4D}.Release|Any CPU.ActiveCfg = Release|Any CPU
		{FD48DB0B-EE6D-41C7-BB04-2C764C761D4D}.Release|Any CPU.Build.0 = Release|Any CPU
	EndGlobalSection
	GlobalSection(SolutionProperties) = preSolution
		HideSolutionNode = FALSE
	EndGlobalSection
	GlobalSection(ExtensibilityGlobals) = postSolution
		SolutionGuid = {20D192DF-D97F-449C-BF33-7D1B3597121F}
	EndGlobalSection
EndGlobal
